// !$*UTF8*$!
{
	archiveVersion = 1;
	classes = {
	};
	objectVersion = 46;
	objects = {

/* Begin PBXBuildFile section */
		4DF9318FBC787AFA1D556DE7 /* Pods_twitter.framework in Frameworks */ = {isa = PBXBuildFile; fileRef = 000865AA3CA9A19D6A65A532 /* Pods_twitter.framework */; };
		B2178CF61C77CF6C00FA56BB /* AppDelegate.swift in Sources */ = {isa = PBXBuildFile; fileRef = B2178CF51C77CF6C00FA56BB /* AppDelegate.swift */; };
		B2178CF81C77CF6C00FA56BB /* LoginViewController.swift in Sources */ = {isa = PBXBuildFile; fileRef = B2178CF71C77CF6C00FA56BB /* LoginViewController.swift */; };
		B2178CFB1C77CF6C00FA56BB /* Main.storyboard in Resources */ = {isa = PBXBuildFile; fileRef = B2178CF91C77CF6C00FA56BB /* Main.storyboard */; };
		B2178CFD1C77CF6C00FA56BB /* Assets.xcassets in Resources */ = {isa = PBXBuildFile; fileRef = B2178CFC1C77CF6C00FA56BB /* Assets.xcassets */; };
		B2178D001C77CF6C00FA56BB /* LaunchScreen.storyboard in Resources */ = {isa = PBXBuildFile; fileRef = B2178CFE1C77CF6C00FA56BB /* LaunchScreen.storyboard */; };
		B237AD251C7A8C960004FDA2 /* TweetDetailsViewController.swift in Sources */ = {isa = PBXBuildFile; fileRef = B237AD241C7A8C960004FDA2 /* TweetDetailsViewController.swift */; };
		B237AD271C7ABFEA0004FDA2 /* TweetComposeViewController.swift in Sources */ = {isa = PBXBuildFile; fileRef = B237AD261C7ABFEA0004FDA2 /* TweetComposeViewController.swift */; };
		B2C40C5F1C77D01B00F03497 /* TwitterClient.swift in Sources */ = {isa = PBXBuildFile; fileRef = B2C40C5E1C77D01B00F03497 /* TwitterClient.swift */; };
		B2D6EAA61C7A6DE000F59D47 /* TweetCell.swift in Sources */ = {isa = PBXBuildFile; fileRef = B2D6EAA51C7A6DE000F59D47 /* TweetCell.swift */; };
		B2D6EAA81C7A77A000F59D47 /* DateManager.swift in Sources */ = {isa = PBXBuildFile; fileRef = B2D6EAA71C7A77A000F59D47 /* DateManager.swift */; };
		B2F1CB101C77EDE600CABA89 /* User.swift in Sources */ = {isa = PBXBuildFile; fileRef = B2F1CB0F1C77EDE600CABA89 /* User.swift */; };
		B2F1CB131C77EDFA00CABA89 /* Tweet.swift in Sources */ = {isa = PBXBuildFile; fileRef = B2F1CB121C77EDFA00CABA89 /* Tweet.swift */; };
		B2F1CB151C783AB100CABA89 /* TweetsViewController.swift in Sources */ = {isa = PBXBuildFile; fileRef = B2F1CB141C783AB100CABA89 /* TweetsViewController.swift */; };
/* End PBXBuildFile section */

/* Begin PBXFileReference section */
		000865AA3CA9A19D6A65A532 /* Pods_twitter.framework */ = {isa = PBXFileReference; explicitFileType = wrapper.framework; includeInIndex = 0; path = Pods_twitter.framework; sourceTree = BUILT_PRODUCTS_DIR; };
		300DA9F01C329B5A0AE59C75 /* Pods-twitter.debug.xcconfig */ = {isa = PBXFileReference; includeInIndex = 1; lastKnownFileType = text.xcconfig; name = "Pods-twitter.debug.xcconfig"; path = "Pods/Target Support Files/Pods-twitter/Pods-twitter.debug.xcconfig"; sourceTree = "<group>"; };
		B2178CF21C77CF6C00FA56BB /* twitter.app */ = {isa = PBXFileReference; explicitFileType = wrapper.application; includeInIndex = 0; path = twitter.app; sourceTree = BUILT_PRODUCTS_DIR; };
		B2178CF51C77CF6C00FA56BB /* AppDelegate.swift */ = {isa = PBXFileReference; lastKnownFileType = sourcecode.swift; path = AppDelegate.swift; sourceTree = "<group>"; };
		B2178CF71C77CF6C00FA56BB /* LoginViewController.swift */ = {isa = PBXFileReference; lastKnownFileType = sourcecode.swift; path = LoginViewController.swift; sourceTree = "<group>"; };
		B2178CFA1C77CF6C00FA56BB /* Base */ = {isa = PBXFileReference; lastKnownFileType = file.storyboard; name = Base; path = Base.lproj/Main.storyboard; sourceTree = "<group>"; };
		B2178CFC1C77CF6C00FA56BB /* Assets.xcassets */ = {isa = PBXFileReference; lastKnownFileType = folder.assetcatalog; path = Assets.xcassets; sourceTree = "<group>"; };
		B2178CFF1C77CF6C00FA56BB /* Base */ = {isa = PBXFileReference; lastKnownFileType = file.storyboard; name = Base; path = Base.lproj/LaunchScreen.storyboard; sourceTree = "<group>"; };
		B2178D011C77CF6C00FA56BB /* Info.plist */ = {isa = PBXFileReference; lastKnownFileType = text.plist.xml; path = Info.plist; sourceTree = "<group>"; };
		B237AD241C7A8C960004FDA2 /* TweetDetailsViewController.swift */ = {isa = PBXFileReference; fileEncoding = 4; lastKnownFileType = sourcecode.swift; path = TweetDetailsViewController.swift; sourceTree = "<group>"; };
		B237AD261C7ABFEA0004FDA2 /* TweetComposeViewController.swift */ = {isa = PBXFileReference; fileEncoding = 4; lastKnownFileType = sourcecode.swift; path = TweetComposeViewController.swift; sourceTree = "<group>"; };
		B296CB537AD240F71219D48F /* Pods-twitter.release.xcconfig */ = {isa = PBXFileReference; includeInIndex = 1; lastKnownFileType = text.xcconfig; name = "Pods-twitter.release.xcconfig"; path = "Pods/Target Support Files/Pods-twitter/Pods-twitter.release.xcconfig"; sourceTree = "<group>"; };
		B2C40C5E1C77D01B00F03497 /* TwitterClient.swift */ = {isa = PBXFileReference; fileEncoding = 4; lastKnownFileType = sourcecode.swift; path = TwitterClient.swift; sourceTree = "<group>"; };
		B2D6EAA51C7A6DE000F59D47 /* TweetCell.swift */ = {isa = PBXFileReference; fileEncoding = 4; lastKnownFileType = sourcecode.swift; path = TweetCell.swift; sourceTree = "<group>"; };
		B2D6EAA71C7A77A000F59D47 /* DateManager.swift */ = {isa = PBXFileReference; fileEncoding = 4; lastKnownFileType = sourcecode.swift; path = DateManager.swift; sourceTree = "<group>"; };
		B2F1CB0F1C77EDE600CABA89 /* User.swift */ = {isa = PBXFileReference; fileEncoding = 4; lastKnownFileType = sourcecode.swift; path = User.swift; sourceTree = "<group>"; };
		B2F1CB121C77EDFA00CABA89 /* Tweet.swift */ = {isa = PBXFileReference; fileEncoding = 4; lastKnownFileType = sourcecode.swift; path = Tweet.swift; sourceTree = "<group>"; };
		B2F1CB141C783AB100CABA89 /* TweetsViewController.swift */ = {isa = PBXFileReference; fileEncoding = 4; lastKnownFileType = sourcecode.swift; path = TweetsViewController.swift; sourceTree = "<group>"; };
/* End PBXFileReference section */

/* Begin PBXFrameworksBuildPhase section */
		B2178CEF1C77CF6C00FA56BB /* Frameworks */ = {
			isa = PBXFrameworksBuildPhase;
			buildActionMask = 2147483647;
			files = (
				4DF9318FBC787AFA1D556DE7 /* Pods_twitter.framework in Frameworks */,
			);
			runOnlyForDeploymentPostprocessing = 0;
		};
/* End PBXFrameworksBuildPhase section */

/* Begin PBXGroup section */
		694D663E9A129A3AF01ADB47 /* Pods */ = {
			isa = PBXGroup;
			children = (
				300DA9F01C329B5A0AE59C75 /* Pods-twitter.debug.xcconfig */,
				B296CB537AD240F71219D48F /* Pods-twitter.release.xcconfig */,
			);
			name = Pods;
			sourceTree = "<group>";
		};
		B2178CE91C77CF6C00FA56BB = {
			isa = PBXGroup;
			children = (
				B2178CF41C77CF6C00FA56BB /* twitter */,
				B2178CF31C77CF6C00FA56BB /* Products */,
				694D663E9A129A3AF01ADB47 /* Pods */,
				D16F82F4D2F9A76CBD5CC6D7 /* Frameworks */,
			);
			sourceTree = "<group>";
		};
		B2178CF31C77CF6C00FA56BB /* Products */ = {
			isa = PBXGroup;
			children = (
				B2178CF21C77CF6C00FA56BB /* twitter.app */,
			);
			name = Products;
			sourceTree = "<group>";
		};
		B2178CF41C77CF6C00FA56BB /* twitter */ = {
			isa = PBXGroup;
			children = (
				B2D6EAA91C7A87D900F59D47 /* Helpers */,
				B2D6EAA41C7A6DC600F59D47 /* Views */,
				B2F1CB0E1C77EDD900CABA89 /* Models */,
				B2C40C601C77D62A00F03497 /* View Controllers */,
				B2C40C5D1C77D00700F03497 /* API */,
				B2178CF51C77CF6C00FA56BB /* AppDelegate.swift */,
				B2178CF91C77CF6C00FA56BB /* Main.storyboard */,
				B2178CFC1C77CF6C00FA56BB /* Assets.xcassets */,
				B2178CFE1C77CF6C00FA56BB /* LaunchScreen.storyboard */,
				B2178D011C77CF6C00FA56BB /* Info.plist */,
			);
			path = twitter;
			sourceTree = "<group>";
		};
		B2C40C5D1C77D00700F03497 /* API */ = {
			isa = PBXGroup;
			children = (
				B2C40C5E1C77D01B00F03497 /* TwitterClient.swift */,
			);
			name = API;
			sourceTree = "<group>";
		};
		B2C40C601C77D62A00F03497 /* View Controllers */ = {
			isa = PBXGroup;
			children = (
				B2178CF71C77CF6C00FA56BB /* LoginViewController.swift */,
				B2F1CB141C783AB100CABA89 /* TweetsViewController.swift */,
				B237AD241C7A8C960004FDA2 /* TweetDetailsViewController.swift */,
				B237AD261C7ABFEA0004FDA2 /* TweetComposeViewController.swift */,
			);
			name = "View Controllers";
			sourceTree = "<group>";
		};
		B2D6EAA41C7A6DC600F59D47 /* Views */ = {
			isa = PBXGroup;
			children = (
				B2D6EAA51C7A6DE000F59D47 /* TweetCell.swift */,
			);
			name = Views;
			sourceTree = "<group>";
		};
		B2D6EAA91C7A87D900F59D47 /* Helpers */ = {
			isa = PBXGroup;
			children = (
				B2D6EAA71C7A77A000F59D47 /* DateManager.swift */,
			);
			name = Helpers;
			sourceTree = "<group>";
		};
		B2F1CB0E1C77EDD900CABA89 /* Models */ = {
			isa = PBXGroup;
			children = (
				B2F1CB0F1C77EDE600CABA89 /* User.swift */,
				B2F1CB121C77EDFA00CABA89 /* Tweet.swift */,
			);
			name = Models;
			sourceTree = "<group>";
		};
		D16F82F4D2F9A76CBD5CC6D7 /* Frameworks */ = {
			isa = PBXGroup;
			children = (
				000865AA3CA9A19D6A65A532 /* Pods_twitter.framework */,
			);
			name = Frameworks;
			sourceTree = "<group>";
		};
/* End PBXGroup section */

/* Begin PBXNativeTarget section */
		B2178CF11C77CF6C00FA56BB /* twitter */ = {
			isa = PBXNativeTarget;
			buildConfigurationList = B2178D041C77CF6C00FA56BB /* Build configuration list for PBXNativeTarget "twitter" */;
			buildPhases = (
				E9902483A75A0D790EC58418 /* Check Pods Manifest.lock */,
				B2178CEE1C77CF6C00FA56BB /* Sources */,
				B2178CEF1C77CF6C00FA56BB /* Frameworks */,
				B2178CF01C77CF6C00FA56BB /* Resources */,
				F74300AFD7E3019971F6A496 /* Embed Pods Frameworks */,
				CD68575DD07639B1F7497BC0 /* Copy Pods Resources */,
			);
			buildRules = (
			);
			dependencies = (
			);
			name = twitter;
			productName = twitter;
			productReference = B2178CF21C77CF6C00FA56BB /* twitter.app */;
			productType = "com.apple.product-type.application";
		};
/* End PBXNativeTarget section */

/* Begin PBXProject section */
		B2178CEA1C77CF6C00FA56BB /* Project object */ = {
			isa = PBXProject;
			attributes = {
				LastSwiftUpdateCheck = 0720;
				LastUpgradeCheck = 0720;
				ORGANIZATIONNAME = "Isis Anchalee";
				TargetAttributes = {
					B2178CF11C77CF6C00FA56BB = {
						CreatedOnToolsVersion = 7.2.1;
					};
				};
			};
			buildConfigurationList = B2178CED1C77CF6C00FA56BB /* Build configuration list for PBXProject "twitter" */;
			compatibilityVersion = "Xcode 3.2";
			developmentRegion = English;
			hasScannedForEncodings = 0;
			knownRegions = (
				en,
				Base,
			);
			mainGroup = B2178CE91C77CF6C00FA56BB;
			productRefGroup = B2178CF31C77CF6C00FA56BB /* Products */;
			projectDirPath = "";
			projectRoot = "";
			targets = (
				B2178CF11C77CF6C00FA56BB /* twitter */,
			);
		};
/* End PBXProject section */

/* Begin PBXResourcesBuildPhase section */
		B2178CF01C77CF6C00FA56BB /* Resources */ = {
			isa = PBXResourcesBuildPhase;
			buildActionMask = 2147483647;
			files = (
				B2178D001C77CF6C00FA56BB /* LaunchScreen.storyboard in Resources */,
				B2178CFD1C77CF6C00FA56BB /* Assets.xcassets in Resources */,
				B2178CFB1C77CF6C00FA56BB /* Main.storyboard in Resources */,
			);
			runOnlyForDeploymentPostprocessing = 0;
		};
/* End PBXResourcesBuildPhase section */

/* Begin PBXShellScriptBuildPhase section */
		CD68575DD07639B1F7497BC0 /* Copy Pods Resources */ = {
			isa = PBXShellScriptBuildPhase;
			buildActionMask = 2147483647;
			files = (
			);
			inputPaths = (
			);
			name = "Copy Pods Resources";
			outputPaths = (
			);
			runOnlyForDeploymentPostprocessing = 0;
			shellPath = /bin/sh;
			shellScript = "\"${SRCROOT}/Pods/Target Support Files/Pods-twitter/Pods-twitter-resources.sh\"\n";
			showEnvVarsInLog = 0;
		};
		E9902483A75A0D790EC58418 /* Check Pods Manifest.lock */ = {
			isa = PBXShellScriptBuildPhase;
			buildActionMask = 2147483647;
			files = (
			);
			inputPaths = (
			);
			name = "Check Pods Manifest.lock";
			outputPaths = (
			);
			runOnlyForDeploymentPostprocessing = 0;
			shellPath = /bin/sh;
			shellScript = "diff \"${PODS_ROOT}/../Podfile.lock\" \"${PODS_ROOT}/Manifest.lock\" > /dev/null\nif [[ $? != 0 ]] ; then\n    cat << EOM\nerror: The sandbox is not in sync with the Podfile.lock. Run 'pod install' or update your CocoaPods installation.\nEOM\n    exit 1\nfi\n";
			showEnvVarsInLog = 0;
		};
		F74300AFD7E3019971F6A496 /* Embed Pods Frameworks */ = {
			isa = PBXShellScriptBuildPhase;
			buildActionMask = 2147483647;
			files = (
			);
			inputPaths = (
			);
			name = "Embed Pods Frameworks";
			outputPaths = (
			);
			runOnlyForDeploymentPostprocessing = 0;
			shellPath = /bin/sh;
			shellScript = "\"${SRCROOT}/Pods/Target Support Files/Pods-twitter/Pods-twitter-frameworks.sh\"\n";
			showEnvVarsInLog = 0;
		};
/* End PBXShellScriptBuildPhase section */

/* Begin PBXSourcesBuildPhase section */
		B2178CEE1C77CF6C00FA56BB /* Sources */ = {
			isa = PBXSourcesBuildPhase;
			buildActionMask = 2147483647;
			files = (
				B2F1CB101C77EDE600CABA89 /* User.swift in Sources */,
				B2D6EAA61C7A6DE000F59D47 /* TweetCell.swift in Sources */,
				B237AD251C7A8C960004FDA2 /* TweetDetailsViewController.swift in Sources */,
				B237AD271C7ABFEA0004FDA2 /* TweetComposeViewController.swift in Sources */,
				B2F1CB131C77EDFA00CABA89 /* Tweet.swift in Sources */,
				B2F1CB151C783AB100CABA89 /* TweetsViewController.swift in Sources */,
				B2178CF81C77CF6C00FA56BB /* LoginViewController.swift in Sources */,
				B2D6EAA81C7A77A000F59D47 /* DateManager.swift in Sources */,
				B2C40C5F1C77D01B00F03497 /* TwitterClient.swift in Sources */,
				B2178CF61C77CF6C00FA56BB /* AppDelegate.swift in Sources */,
			);
			runOnlyForDeploymentPostprocessing = 0;
		};
/* End PBXSourcesBuildPhase section */

/* Begin PBXVariantGroup section */
		B2178CF91C77CF6C00FA56BB /* Main.storyboard */ = {
			isa = PBXVariantGroup;
			children = (
				B2178CFA1C77CF6C00FA56BB /* Base */,
			);
			name = Main.storyboard;
			sourceTree = "<group>";
		};
		B2178CFE1C77CF6C00FA56BB /* LaunchScreen.storyboard */ = {
			isa = PBXVariantGroup;
			children = (
				B2178CFF1C77CF6C00FA56BB /* Base */,
			);
			name = LaunchScreen.storyboard;
			sourceTree = "<group>";
		};
/* End PBXVariantGroup section */

/* Begin XCBuildConfiguration section */
		B2178D021C77CF6C00FA56BB /* Debug */ = {
			isa = XCBuildConfiguration;
			buildSettings = {
				ALWAYS_SEARCH_USER_PATHS = NO;
				CLANG_CXX_LANGUAGE_STANDARD = "gnu++0x";
				CLANG_CXX_LIBRARY = "libc++";
				CLANG_ENABLE_MODULES = YES;
				CLANG_ENABLE_OBJC_ARC = YES;
				CLANG_WARN_BOOL_CONVERSION = YES;
				CLANG_WARN_CONSTANT_CONVERSION = YES;
				CLANG_WARN_DIRECT_OBJC_ISA_USAGE = YES_ERROR;
				CLANG_WARN_EMPTY_BODY = YES;
				CLANG_WARN_ENUM_CONVERSION = YES;
				CLANG_WARN_INT_CONVERSION = YES;
				CLANG_WARN_OBJC_ROOT_CLASS = YES_ERROR;
				CLANG_WARN_UNREACHABLE_CODE = YES;
				CLANG_WARN__DUPLICATE_METHOD_MATCH = YES;
				"CODE_SIGN_IDENTITY[sdk=iphoneos*]" = "iPhone Developer";
				COPY_PHASE_STRIP = NO;
				DEBUG_INFORMATION_FORMAT = dwarf;
				ENABLE_STRICT_OBJC_MSGSEND = YES;
				ENABLE_TESTABILITY = YES;
				GCC_C_LANGUAGE_STANDARD = gnu99;
				GCC_DYNAMIC_NO_PIC = NO;
				GCC_NO_COMMON_BLOCKS = YES;
				GCC_OPTIMIZATION_LEVEL = 0;
				GCC_PREPROCESSOR_DEFINITIONS = (
					"DEBUG=1",
					"$(inherited)",
				);
				GCC_WARN_64_TO_32_BIT_CONVERSION = YES;
				GCC_WARN_ABOUT_RETURN_TYPE = YES_ERROR;
				GCC_WARN_UNDECLARED_SELECTOR = YES;
				GCC_WARN_UNINITIALIZED_AUTOS = YES_AGGRESSIVE;
				GCC_WARN_UNUSED_FUNCTION = YES;
				GCC_WARN_UNUSED_VARIABLE = YES;
				IPHONEOS_DEPLOYMENT_TARGET = 9.2;
				MTL_ENABLE_DEBUG_INFO = YES;
				ONLY_ACTIVE_ARCH = YES;
				SDKROOT = iphoneos;
				SWIFT_OPTIMIZATION_LEVEL = "-Onone";
				TARGETED_DEVICE_FAMILY = "1,2";
			};
			name = Debug;
		};
		B2178D031C77CF6C00FA56BB /* Release */ = {
			isa = XCBuildConfiguration;
			buildSettings = {
				ALWAYS_SEARCH_USER_PATHS = NO;
				CLANG_CXX_LANGUAGE_STANDARD = "gnu++0x";
				CLANG_CXX_LIBRARY = "libc++";
				CLANG_ENABLE_MODULES = YES;
				CLANG_ENABLE_OBJC_ARC = YES;
				CLANG_WARN_BOOL_CONVERSION = YES;
				CLANG_WARN_CONSTANT_CONVERSION = YES;
				CLANG_WARN_DIRECT_OBJC_ISA_USAGE = YES_ERROR;
				CLANG_WARN_EMPTY_BODY = YES;
				CLANG_WARN_ENUM_CONVERSION = YES;
				CLANG_WARN_INT_CONVERSION = YES;
				CLANG_WARN_OBJC_ROOT_CLASS = YES_ERROR;
				CLANG_WARN_UNREACHABLE_CODE = YES;
				CLANG_WARN__DUPLICATE_METHOD_MATCH = YES;
				"CODE_SIGN_IDENTITY[sdk=iphoneos*]" = "iPhone Developer";
				COPY_PHASE_STRIP = NO;
				DEBUG_INFORMATION_FORMAT = "dwarf-with-dsym";
				ENABLE_NS_ASSERTIONS = NO;
				ENABLE_STRICT_OBJC_MSGSEND = YES;
				GCC_C_LANGUAGE_STANDARD = gnu99;
				GCC_NO_COMMON_BLOCKS = YES;
				GCC_WARN_64_TO_32_BIT_CONVERSION = YES;
				GCC_WARN_ABOUT_RETURN_TYPE = YES_ERROR;
				GCC_WARN_UNDECLARED_SELECTOR = YES;
				GCC_WARN_UNINITIALIZED_AUTOS = YES_AGGRESSIVE;
				GCC_WARN_UNUSED_FUNCTION = YES;
				GCC_WARN_UNUSED_VARIABLE = YES;
				IPHONEOS_DEPLOYMENT_TARGET = 9.2;
				MTL_ENABLE_DEBUG_INFO = NO;
				SDKROOT = iphoneos;
				TARGETED_DEVICE_FAMILY = "1,2";
				VALIDATE_PRODUCT = YES;
			};
			name = Release;
		};
		B2178D051C77CF6C00FA56BB /* Debug */ = {
			isa = XCBuildConfiguration;
			baseConfigurationReference = 300DA9F01C329B5A0AE59C75 /* Pods-twitter.debug.xcconfig */;
			buildSettings = {
				ASSETCATALOG_COMPILER_APPICON_NAME = AppIcon;
				INFOPLIST_FILE = twitter/Info.plist;
				LD_RUNPATH_SEARCH_PATHS = "$(inherited) @executable_path/Frameworks";
				PRODUCT_BUNDLE_IDENTIFIER = com.twaddle.twitter;
				PRODUCT_NAME = "$(TARGET_NAME)";
			};
			name = Debug;
		};
		B2178D061C77CF6C00FA56BB /* Release */ = {
			isa = XCBuildConfiguration;
			baseConfigurationReference = B296CB537AD240F71219D48F /* Pods-twitter.release.xcconfig */;
			buildSettings = {
				ASSETCATALOG_COMPILER_APPICON_NAME = AppIcon;
				INFOPLIST_FILE = twitter/Info.plist;
				LD_RUNPATH_SEARCH_PATHS = "$(inherited) @executable_path/Frameworks";
				PRODUCT_BUNDLE_IDENTIFIER = com.twaddle.twitter;
				PRODUCT_NAME = "$(TARGET_NAME)";
			};
			name = Release;
		};
/* End XCBuildConfiguration section */

/* Begin XCConfigurationList section */
		B2178CED1C77CF6C00FA56BB /* Build configuration list for PBXProject "twitter" */ = {
			isa = XCConfigurationList;
			buildConfigurations = (
				B2178D021C77CF6C00FA56BB /* Debug */,
				B2178D031C77CF6C00FA56BB /* Release */,
			);
			defaultConfigurationIsVisible = 0;
			defaultConfigurationName = Release;
		};
		B2178D041C77CF6C00FA56BB /* Build configuration list for PBXNativeTarget "twitter" */ = {
			isa = XCConfigurationList;
			buildConfigurations = (
				B2178D051C77CF6C00FA56BB /* Debug */,
				B2178D061C77CF6C00FA56BB /* Release */,
			);
			defaultConfigurationIsVisible = 0;
			defaultConfigurationName = Release;
		};
/* End XCConfigurationList section */
	};
	rootObject = B2178CEA1C77CF6C00FA56BB /* Project object */;
}
